
Microsoft Visual Studio Solution File, Format Version 12.00
# Visual Studio Version 17
VisualStudioVersion = 17.11.35222.181
MinimumVisualStudioVersion = 10.0.40219.1
Project("{9A19103F-16F7-4668-BE54-9A1E7A4F7556}") = "NotEngine", "NotEngine\NotEngine.csproj", "{4D6370F5-233E-4477-B05C-8FFD1E02D2A1}"
EndProject
Project("{2150E333-8FDC-42A3-9474-1A3956D46DE8}") = "Editor", "Editor", "{E5F2B37E-6AE8-4543-96D7-75A2EA0801E8}"
EndProject
Project("{9A19103F-16F7-4668-BE54-9A1E7A4F7556}") = "Gemini", "ThirdPart\src\Gemini\Gemini.csproj", "{0A59A36A-87BF-4224-A2F4-2090B175CE35}"
EndProject
Project("{2150E333-8FDC-42A3-9474-1A3956D46DE8}") = "Modules", "Modules", "{C1C63A35-F070-44E1-93C6-2D3CB204E6F3}"
EndProject
Project("{2150E333-8FDC-42A3-9474-1A3956D46DE8}") = "Framework", "Framework", "{C3EE0597-BD4A-4CBD-9D07-96E9B5189AED}"
EndProject
Project("{9A19103F-16F7-4668-BE54-9A1E7A4F7556}") = "NotEngine.Editor", "NotEngine.Editor\NotEngine.Editor.csproj", "{82E8D972-C55E-4862-913E-299F06F20A68}"
EndProject
Project("{2150E333-8FDC-42A3-9474-1A3956D46DE8}") = "Test", "Test", "{3D55DFC6-631C-4F3B-9712-8BB1F54B22B5}"
EndProject
Project("{2150E333-8FDC-42A3-9474-1A3956D46DE8}") = "Sandbox", "Sandbox", "{9DD7FF55-CBCE-461E-B345-8592EA9E247B}"
EndProject
Project("{9A19103F-16F7-4668-BE54-9A1E7A4F7556}") = "NotEngine.Editor.Lanuch", "NotEngine.Editor.Lanuch\NotEngine.Editor.Lanuch.csproj", "{4B802669-2853-4F30-9258-490A1A3525B9}"
EndProject
Project("{9A19103F-16F7-4668-BE54-9A1E7A4F7556}") = "NotEngine.Test", "NotEngine.Test\NotEngine.Test.csproj", "{1DB966DE-F3B7-4627-A57A-FC3BD17748A2}"
EndProject
Project("{9A19103F-16F7-4668-BE54-9A1E7A4F7556}") = "NotEngine.ToolTest", "NotEngine.ToolTest\NotEngine.ToolTest.csproj", "{2D868BE0-FE82-411D-8416-DD42EDCAEDE6}"
EndProject
Project("{9A19103F-16F7-4668-BE54-9A1E7A4F7556}") = "NotEngine.Test1", "NotEngine.Test1\NotEngine.Test1.csproj", "{391C2056-428A-4063-841A-737100C72C9B}"
EndProject
Project("{9A19103F-16F7-4668-BE54-9A1E7A4F7556}") = "Module.ContentExplorer", "Module.ContenteExplorer\Module.ContentExplorer.csproj", "{7E2F8CBC-EB38-4AC5-B234-30D908636DFB}"
EndProject
Project("{9A19103F-16F7-4668-BE54-9A1E7A4F7556}") = "Module.Scene", "Module.Scene\Module.Scene.csproj", "{3FEAE2A3-6EF2-4139-B683-B599D931ECC5}"
EndProject
Project("{2150E333-8FDC-42A3-9474-1A3956D46DE8}") = "Common", "Common", "{64043573-0DFA-44F1-ABD1-290A0CE8793B}"
EndProject
Project("{9A19103F-16F7-4668-BE54-9A1E7A4F7556}") = "Editor.Common", "Editor.Common\Editor.Common.csproj", "{3C5CE376-57CB-421E-87EE-4C370E388301}"
EndProject
Project("{FAE04EC0-301F-11D3-BF4B-00C04F79EFBC}") = "Editor.Core", "Editor.Core\Editor.Core.csproj", "{A9D443E0-2075-41CB-8FD5-AF8DF3754C2D}"
EndProject
Global
	GlobalSection(SolutionConfigurationPlatforms) = preSolution
		Debug|Any CPU = Debug|Any CPU
		Release|Any CPU = Release|Any CPU
	EndGlobalSection
	GlobalSection(ProjectConfigurationPlatforms) = postSolution
		{4D6370F5-233E-4477-B05C-8FFD1E02D2A1}.Debug|Any CPU.ActiveCfg = Debug|Any CPU
		{4D6370F5-233E-4477-B05C-8FFD1E02D2A1}.Debug|Any CPU.Build.0 = Debug|Any CPU
		{4D6370F5-233E-4477-B05C-8FFD1E02D2A1}.Release|Any CPU.ActiveCfg = Release|Any CPU
		{4D6370F5-233E-4477-B05C-8FFD1E02D2A1}.Release|Any CPU.Build.0 = Release|Any CPU
		{0A59A36A-87BF-4224-A2F4-2090B175CE35}.Debug|Any CPU.ActiveCfg = Debug|Any CPU
		{0A59A36A-87BF-4224-A2F4-2090B175CE35}.Debug|Any CPU.Build.0 = Debug|Any CPU
		{0A59A36A-87BF-4224-A2F4-2090B175CE35}.Release|Any CPU.ActiveCfg = Release|Any CPU
		{0A59A36A-87BF-4224-A2F4-2090B175CE35}.Release|Any CPU.Build.0 = Release|Any CPU
		{82E8D972-C55E-4862-913E-299F06F20A68}.Debug|Any CPU.ActiveCfg = Debug|Any CPU
		{82E8D972-C55E-4862-913E-299F06F20A68}.Debug|Any CPU.Build.0 = Debug|Any CPU
		{82E8D972-C55E-4862-913E-299F06F20A68}.Release|Any CPU.ActiveCfg = Release|Any CPU
		{82E8D972-C55E-4862-913E-299F06F20A68}.Release|Any CPU.Build.0 = Release|Any CPU
		{4B802669-2853-4F30-9258-490A1A3525B9}.Debug|Any CPU.ActiveCfg = Debug|Any CPU
		{4B802669-2853-4F30-9258-490A1A3525B9}.Debug|Any CPU.Build.0 = Debug|Any CPU
		{4B802669-2853-4F30-9258-490A1A3525B9}.Release|Any CPU.ActiveCfg = Release|Any CPU
		{4B802669-2853-4F30-9258-490A1A3525B9}.Release|Any CPU.Build.0 = Release|Any CPU
		{1DB966DE-F3B7-4627-A57A-FC3BD17748A2}.Debug|Any CPU.ActiveCfg = Debug|Any CPU
		{1DB966DE-F3B7-4627-A57A-FC3BD17748A2}.Debug|Any CPU.Build.0 = Debug|Any CPU
		{1DB966DE-F3B7-4627-A57A-FC3BD17748A2}.Release|Any CPU.ActiveCfg = Release|Any CPU
		{1DB966DE-F3B7-4627-A57A-FC3BD17748A2}.Release|Any CPU.Build.0 = Release|Any CPU
		{2D868BE0-FE82-411D-8416-DD42EDCAEDE6}.Debug|Any CPU.ActiveCfg = Debug|Any CPU
		{2D868BE0-FE82-411D-8416-DD42EDCAEDE6}.Debug|Any CPU.Build.0 = Debug|Any CPU
		{2D868BE0-FE82-411D-8416-DD42EDCAEDE6}.Release|Any CPU.ActiveCfg = Release|Any CPU
		{2D868BE0-FE82-411D-8416-DD42EDCAEDE6}.Release|Any CPU.Build.0 = Release|Any CPU
		{391C2056-428A-4063-841A-737100C72C9B}.Debug|Any CPU.ActiveCfg = Debug|Any CPU
		{391C2056-428A-4063-841A-737100C72C9B}.Debug|Any CPU.Build.0 = Debug|Any CPU
		{391C2056-428A-4063-841A-737100C72C9B}.Release|Any CPU.ActiveCfg = Release|Any CPU
		{391C2056-428A-4063-841A-737100C72C9B}.Release|Any CPU.Build.0 = Release|Any CPU
		{7E2F8CBC-EB38-4AC5-B234-30D908636DFB}.Debug|Any CPU.ActiveCfg = Debug|Any CPU
		{7E2F8CBC-EB38-4AC5-B234-30D908636DFB}.Debug|Any CPU.Build.0 = Debug|Any CPU
		{7E2F8CBC-EB38-4AC5-B234-30D908636DFB}.Release|Any CPU.ActiveCfg = Release|Any CPU
		{7E2F8CBC-EB38-4AC5-B234-30D908636DFB}.Release|Any CPU.Build.0 = Release|Any CPU
		{3FEAE2A3-6EF2-4139-B683-B599D931ECC5}.Debug|Any CPU.ActiveCfg = Debug|Any CPU
		{3FEAE2A3-6EF2-4139-B683-B599D931ECC5}.Debug|Any CPU.Build.0 = Debug|Any CPU
		{3FEAE2A3-6EF2-4139-B683-B599D931ECC5}.Release|Any CPU.ActiveCfg = Release|Any CPU
		{3FEAE2A3-6EF2-4139-B683-B599D931ECC5}.Release|Any CPU.Build.0 = Release|Any CPU
		{3C5CE376-57CB-421E-87EE-4C370E388301}.Debug|Any CPU.ActiveCfg = Debug|Any CPU
		{3C5CE376-57CB-421E-87EE-4C370E388301}.Debug|Any CPU.Build.0 = Debug|Any CPU
		{3C5CE376-57CB-421E-87EE-4C370E388301}.Release|Any CPU.ActiveCfg = Release|Any CPU
		{3C5CE376-57CB-421E-87EE-4C370E388301}.Release|Any CPU.Build.0 = Release|Any CPU
		{A9D443E0-2075-41CB-8FD5-AF8DF3754C2D}.Debug|Any CPU.ActiveCfg = Debug|Any CPU
		{A9D443E0-2075-41CB-8FD5-AF8DF3754C2D}.Debug|Any CPU.Build.0 = Debug|Any CPU
		{A9D443E0-2075-41CB-8FD5-AF8DF3754C2D}.Release|Any CPU.ActiveCfg = Release|Any CPU
		{A9D443E0-2075-41CB-8FD5-AF8DF3754C2D}.Release|Any CPU.Build.0 = Release|Any CPU
	EndGlobalSection
	GlobalSection(SolutionProperties) = preSolution
		HideSolutionNode = FALSE
	EndGlobalSection
	GlobalSection(NestedProjects) = preSolution
		{0A59A36A-87BF-4224-A2F4-2090B175CE35} = {C3EE0597-BD4A-4CBD-9D07-96E9B5189AED}
		{C1C63A35-F070-44E1-93C6-2D3CB204E6F3} = {E5F2B37E-6AE8-4543-96D7-75A2EA0801E8}
		{C3EE0597-BD4A-4CBD-9D07-96E9B5189AED} = {E5F2B37E-6AE8-4543-96D7-75A2EA0801E8}
		{82E8D972-C55E-4862-913E-299F06F20A68} = {E5F2B37E-6AE8-4543-96D7-75A2EA0801E8}
		{4B802669-2853-4F30-9258-490A1A3525B9} = {E5F2B37E-6AE8-4543-96D7-75A2EA0801E8}
		{1DB966DE-F3B7-4627-A57A-FC3BD17748A2} = {3D55DFC6-631C-4F3B-9712-8BB1F54B22B5}
		{2D868BE0-FE82-411D-8416-DD42EDCAEDE6} = {3D55DFC6-631C-4F3B-9712-8BB1F54B22B5}
		{391C2056-428A-4063-841A-737100C72C9B} = {3D55DFC6-631C-4F3B-9712-8BB1F54B22B5}
		{7E2F8CBC-EB38-4AC5-B234-30D908636DFB} = {C1C63A35-F070-44E1-93C6-2D3CB204E6F3}
		{3FEAE2A3-6EF2-4139-B683-B599D931ECC5} = {C1C63A35-F070-44E1-93C6-2D3CB204E6F3}
		{64043573-0DFA-44F1-ABD1-290A0CE8793B} = {E5F2B37E-6AE8-4543-96D7-75A2EA0801E8}
		{3C5CE376-57CB-421E-87EE-4C370E388301} = {C1C63A35-F070-44E1-93C6-2D3CB204E6F3}
		{A9D443E0-2075-41CB-8FD5-AF8DF3754C2D} = {C1C63A35-F070-44E1-93C6-2D3CB204E6F3}
	EndGlobalSection
	GlobalSection(ExtensibilityGlobals) = postSolution
		SolutionGuid = {93068F1C-2CE2-4AD0-BD1F-96AA90E7A557}
	EndGlobalSection
EndGlobal
